
Microsoft Visual Studio Solution File, Format Version 12.00
# Visual Studio Version 17
VisualStudioVersion = 17.6.33712.159
MinimumVisualStudioVersion = 10.0.40219.1
Project("{2150E333-8FDC-42A3-9474-1A3956D46DE8}") = "src", "src", "{9780FE49-0E69-487E-A197-27581577CB59}"
EndProject
Project("{2150E333-8FDC-42A3-9474-1A3956D46DE8}") = "tests", "tests", "{31B59D53-8CE7-4551-BBFC-C6AAF6D72AD9}"
EndProject
Project("{2150E333-8FDC-42A3-9474-1A3956D46DE8}") = "Backend", "Backend", "{6B048C8C-6BC7-44B7-B32F-BC506A8AF31F}"
EndProject
Project("{2150E333-8FDC-42A3-9474-1A3956D46DE8}") = "Shared", "Shared", "{991E41D9-FC16-46AD-9051-CF886E9E9C1E}"
EndProject
Project("{9A19103F-16F7-4668-BE54-9A1E7A4F7556}") = "MyCookBook.Comunication", "src\Shared\MyCookBook.Comunication\MyCookBook.Comunication.csproj", "{7E40C878-2DA7-4485-9278-4F32A6F852D9}"
EndProject
Project("{9A19103F-16F7-4668-BE54-9A1E7A4F7556}") = "MyCookBook.Exceptions", "src\Shared\MyCookBook.Exceptions\MyCookBook.Exceptions.csproj", "{6EDBAC2A-8BB6-4349-B5BF-6013CAE5F57D}"
EndProject
Project("{FAE04EC0-301F-11D3-BF4B-00C04F79EFBC}") = "MyCookBook.Application", "src\Backend\MyCookBook.Application\MyCookBook.Application.csproj", "{F4D6E828-7450-4AA8-ABF7-B52FFB524ABE}"
EndProject
Project("{FAE04EC0-301F-11D3-BF4B-00C04F79EFBC}") = "MyCookBook.Domain", "src\Backend\MyCookBook.Domain\MyCookBook.Domain.csproj", "{2A6E8D8F-6E41-4BC5-92C8-C0609CF4F1DC}"
EndProject
Project("{FAE04EC0-301F-11D3-BF4B-00C04F79EFBC}") = "MyCookBook.Infrasctruture", "src\Backend\MyCookBook.Infrasctruture\MyCookBook.Infrasctruture.csproj", "{4DC0FDAD-DAF0-48C9-BEE6-B0F8A8D1D957}"
EndProject
Project("{FAE04EC0-301F-11D3-BF4B-00C04F79EFBC}") = "MyCookBook.Api", "src\Backend\MyCookBook.Api\MyCookBook.Api.csproj", "{27E8631E-0635-45AD-ADD1-5C0FC88411CF}"
EndProject
Project("{FAE04EC0-301F-11D3-BF4B-00C04F79EFBC}") = "Validators.Test", "tests\Validators.Test\Validators.Test.csproj", "{04E3F55E-A96C-4B59-AFC0-300B62F88B4D}"
EndProject
Project("{FAE04EC0-301F-11D3-BF4B-00C04F79EFBC}") = "UseCase.Test", "tests\UseCase.Test\UseCase.Test.csproj", "{665B9B20-8E77-4108-8079-2530788953D0}"
EndProject
Project("{FAE04EC0-301F-11D3-BF4B-00C04F79EFBC}") = "WebApi.Test", "tests\WebApi.Test\WebApi.Test.csproj", "{BBEFD2FE-2622-4CC6-B817-EFF9F6DF71A9}"
EndProject
Global
	GlobalSection(SolutionConfigurationPlatforms) = preSolution
		Debug|Any CPU = Debug|Any CPU
		Release|Any CPU = Release|Any CPU
	EndGlobalSection
	GlobalSection(ProjectConfigurationPlatforms) = postSolution
		{7E40C878-2DA7-4485-9278-4F32A6F852D9}.Debug|Any CPU.ActiveCfg = Debug|Any CPU
		{7E40C878-2DA7-4485-9278-4F32A6F852D9}.Debug|Any CPU.Build.0 = Debug|Any CPU
		{7E40C878-2DA7-4485-9278-4F32A6F852D9}.Release|Any CPU.ActiveCfg = Release|Any CPU
		{7E40C878-2DA7-4485-9278-4F32A6F852D9}.Release|Any CPU.Build.0 = Release|Any CPU
		{6EDBAC2A-8BB6-4349-B5BF-6013CAE5F57D}.Debug|Any CPU.ActiveCfg = Debug|Any CPU
		{6EDBAC2A-8BB6-4349-B5BF-6013CAE5F57D}.Debug|Any CPU.Build.0 = Debug|Any CPU
		{6EDBAC2A-8BB6-4349-B5BF-6013CAE5F57D}.Release|Any CPU.ActiveCfg = Release|Any CPU
		{6EDBAC2A-8BB6-4349-B5BF-6013CAE5F57D}.Release|Any CPU.Build.0 = Release|Any CPU
		{F4D6E828-7450-4AA8-ABF7-B52FFB524ABE}.Debug|Any CPU.ActiveCfg = Debug|Any CPU
		{F4D6E828-7450-4AA8-ABF7-B52FFB524ABE}.Debug|Any CPU.Build.0 = Debug|Any CPU
		{F4D6E828-7450-4AA8-ABF7-B52FFB524ABE}.Release|Any CPU.ActiveCfg = Release|Any CPU
		{F4D6E828-7450-4AA8-ABF7-B52FFB524ABE}.Release|Any CPU.Build.0 = Release|Any CPU
		{2A6E8D8F-6E41-4BC5-92C8-C0609CF4F1DC}.Debug|Any CPU.ActiveCfg = Debug|Any CPU
		{2A6E8D8F-6E41-4BC5-92C8-C0609CF4F1DC}.Debug|Any CPU.Build.0 = Debug|Any CPU
		{2A6E8D8F-6E41-4BC5-92C8-C0609CF4F1DC}.Release|Any CPU.ActiveCfg = Release|Any CPU
		{2A6E8D8F-6E41-4BC5-92C8-C0609CF4F1DC}.Release|Any CPU.Build.0 = Release|Any CPU
		{4DC0FDAD-DAF0-48C9-BEE6-B0F8A8D1D957}.Debug|Any CPU.ActiveCfg = Debug|Any CPU
		{4DC0FDAD-DAF0-48C9-BEE6-B0F8A8D1D957}.Debug|Any CPU.Build.0 = Debug|Any CPU
		{4DC0FDAD-DAF0-48C9-BEE6-B0F8A8D1D957}.Release|Any CPU.ActiveCfg = Release|Any CPU
		{4DC0FDAD-DAF0-48C9-BEE6-B0F8A8D1D957}.Release|Any CPU.Build.0 = Release|Any CPU
		{27E8631E-0635-45AD-ADD1-5C0FC88411CF}.Debug|Any CPU.ActiveCfg = Debug|Any CPU
		{27E8631E-0635-45AD-ADD1-5C0FC88411CF}.Debug|Any CPU.Build.0 = Debug|Any CPU
		{27E8631E-0635-45AD-ADD1-5C0FC88411CF}.Release|Any CPU.ActiveCfg = Release|Any CPU
		{27E8631E-0635-45AD-ADD1-5C0FC88411CF}.Release|Any CPU.Build.0 = Release|Any CPU
		{04E3F55E-A96C-4B59-AFC0-300B62F88B4D}.Debug|Any CPU.ActiveCfg = Debug|Any CPU
		{04E3F55E-A96C-4B59-AFC0-300B62F88B4D}.Debug|Any CPU.Build.0 = Debug|Any CPU
		{04E3F55E-A96C-4B59-AFC0-300B62F88B4D}.Release|Any CPU.ActiveCfg = Release|Any CPU
		{04E3F55E-A96C-4B59-AFC0-300B62F88B4D}.Release|Any CPU.Build.0 = Release|Any CPU
		{665B9B20-8E77-4108-8079-2530788953D0}.Debug|Any CPU.ActiveCfg = Debug|Any CPU
		{665B9B20-8E77-4108-8079-2530788953D0}.Debug|Any CPU.Build.0 = Debug|Any CPU
		{665B9B20-8E77-4108-8079-2530788953D0}.Release|Any CPU.ActiveCfg = Release|Any CPU
		{665B9B20-8E77-4108-8079-2530788953D0}.Release|Any CPU.Build.0 = Release|Any CPU
		{BBEFD2FE-2622-4CC6-B817-EFF9F6DF71A9}.Debug|Any CPU.ActiveCfg = Debug|Any CPU
		{BBEFD2FE-2622-4CC6-B817-EFF9F6DF71A9}.Debug|Any CPU.Build.0 = Debug|Any CPU
		{BBEFD2FE-2622-4CC6-B817-EFF9F6DF71A9}.Release|Any CPU.ActiveCfg = Release|Any CPU
		{BBEFD2FE-2622-4CC6-B817-EFF9F6DF71A9}.Release|Any CPU.Build.0 = Release|Any CPU
	EndGlobalSection
	GlobalSection(SolutionProperties) = preSolution
		HideSolutionNode = FALSE
	EndGlobalSection
	GlobalSection(NestedProjects) = preSolution
		{6B048C8C-6BC7-44B7-B32F-BC506A8AF31F} = {9780FE49-0E69-487E-A197-27581577CB59}
		{991E41D9-FC16-46AD-9051-CF886E9E9C1E} = {9780FE49-0E69-487E-A197-27581577CB59}
		{7E40C878-2DA7-4485-9278-4F32A6F852D9} = {991E41D9-FC16-46AD-9051-CF886E9E9C1E}
		{6EDBAC2A-8BB6-4349-B5BF-6013CAE5F57D} = {991E41D9-FC16-46AD-9051-CF886E9E9C1E}
		{F4D6E828-7450-4AA8-ABF7-B52FFB524ABE} = {6B048C8C-6BC7-44B7-B32F-BC506A8AF31F}
		{2A6E8D8F-6E41-4BC5-92C8-C0609CF4F1DC} = {6B048C8C-6BC7-44B7-B32F-BC506A8AF31F}
		{4DC0FDAD-DAF0-48C9-BEE6-B0F8A8D1D957} = {6B048C8C-6BC7-44B7-B32F-BC506A8AF31F}
		{27E8631E-0635-45AD-ADD1-5C0FC88411CF} = {6B048C8C-6BC7-44B7-B32F-BC506A8AF31F}
		{04E3F55E-A96C-4B59-AFC0-300B62F88B4D} = {31B59D53-8CE7-4551-BBFC-C6AAF6D72AD9}
		{665B9B20-8E77-4108-8079-2530788953D0} = {31B59D53-8CE7-4551-BBFC-C6AAF6D72AD9}
		{BBEFD2FE-2622-4CC6-B817-EFF9F6DF71A9} = {31B59D53-8CE7-4551-BBFC-C6AAF6D72AD9}
	EndGlobalSection
	GlobalSection(ExtensibilityGlobals) = postSolution
		SolutionGuid = {7627D847-E9B7-439A-854E-D4EB73EA75B6}
	EndGlobalSection
EndGlobal
